
Microsoft Visual Studio Solution File, Format Version 12.00
# Visual Studio Version 17
VisualStudioVersion = 17.2.32630.192
MinimumVisualStudioVersion = 10.0.40219.1
Project("{FAE04EC0-301F-11D3-BF4B-00C04F79EFBC}") = "Updatepropertiesprogrammatically", "Updatepropertiesprogrammatically.csproj", "{7FBC07FF-BA87-43DD-A304-18A6CC109180}"
EndProject
Global
	GlobalSection(SolutionConfigurationPlatforms) = preSolution
		Debug|Any CPU = Debug|Any CPU
		Release|Any CPU = Release|Any CPU
	EndGlobalSection
	GlobalSection(ProjectConfigurationPlatforms) = postSolution
		{7FBC07FF-BA87-43DD-A304-18A6CC109180}.Debug|Any CPU.ActiveCfg = Debug|Any CPU
		{7FBC07FF-BA87-43DD-A304-18A6CC109180}.Debug|Any CPU.Build.0 = Debug|Any CPU
		{7FBC07FF-BA87-43DD-A304-18A6CC109180}.Release|Any CPU.ActiveCfg = Release|Any CPU
		{7FBC07FF-BA87-43DD-A304-18A6CC109180}.Release|Any CPU.Build.0 = Release|Any CPU
	EndGlobalSection
	GlobalSection(SolutionProperties) = preSolution
		HideSolutionNode = FALSE
	EndGlobalSection
	GlobalSection(ExtensibilityGlobals) = postSolution
		SolutionGuid = {32A87D90-5893-44B9-ACF0-894AF0140871}
	EndGlobalSection
EndGlobal
