
Microsoft Visual Studio Solution File, Format Version 12.00
# Visual Studio Version 17
VisualStudioVersion = 17.12.35527.113 d17.12
MinimumVisualStudioVersion = 10.0.40219.1
Project("{FAE04EC0-301F-11D3-BF4B-00C04F79EFBC}") = "PDFViewer", "PDFViewer.csproj", "{A9053FE1-3D3D-4173-8579-CC720DBADECD}"
EndProject
Global
	GlobalSection(SolutionConfigurationPlatforms) = preSolution
		Debug|Any CPU = Debug|Any CPU
		Release|Any CPU = Release|Any CPU
	EndGlobalSection
	GlobalSection(ProjectConfigurationPlatforms) = postSolution
		{A9053FE1-3D3D-4173-8579-CC720DBADECD}.Debug|Any CPU.ActiveCfg = Debug|Any CPU
		{A9053FE1-3D3D-4173-8579-CC720DBADECD}.Debug|Any CPU.Build.0 = Debug|Any CPU
		{A9053FE1-3D3D-4173-8579-CC720DBADECD}.Release|Any CPU.ActiveCfg = Release|Any CPU
		{A9053FE1-3D3D-4173-8579-CC720DBADECD}.Release|Any CPU.Build.0 = Release|Any CPU
	EndGlobalSection
	GlobalSection(SolutionProperties) = preSolution
		HideSolutionNode = FALSE
	EndGlobalSection
EndGlobal
